
Microsoft Visual Studio Solution File, Format Version 12.00
Project("{FAE04EC0-301F-11D3-BF4B-00C04F79EFBC}") = "E7_3790", "E7_3790.csproj", "{3B7A35F0-2289-43DB-8AD6-D7DDD86D12CF}"
EndProject
Global
	GlobalSection(SolutionConfigurationPlatforms) = preSolution
		Debug|Any CPU = Debug|Any CPU
		Release|Any CPU = Release|Any CPU
	EndGlobalSection
	GlobalSection(ProjectConfigurationPlatforms) = postSolution
		{3B7A35F0-2289-43DB-8AD6-D7DDD86D12CF}.Debug|Any CPU.ActiveCfg = Debug|Any CPU
		{3B7A35F0-2289-43DB-8AD6-D7DDD86D12CF}.Debug|Any CPU.Build.0 = Debug|Any CPU
		{3B7A35F0-2289-43DB-8AD6-D7DDD86D12CF}.Release|Any CPU.ActiveCfg = Release|Any CPU
		{3B7A35F0-2289-43DB-8AD6-D7DDD86D12CF}.Release|Any CPU.Build.0 = Release|Any CPU
	EndGlobalSection
EndGlobal
